<?xml version="1.0" encoding="utf-8"?>
<Project ToolsVersion="4.0" xmlns="http://schemas.microsoft.com/developer/msbuild/2003">
  <ItemGroup>
    <ClCompile Include="src\Arena.cpp" />
    <ClCompile Include="src\BarrasArena.cpp" />
    <ClCompile Include="src\Casilla.cpp" />
    <ClCompile Include="src\ClaseArcher.cpp" />
    <ClCompile Include="src\ClaseDjinn.cpp" />
    <ClCompile Include="src\ClaseFenix.cpp" />
    <ClCompile Include="src\ClaseGolem.cpp" />
    <ClCompile Include="src\ClaseUnicornio.cpp" />
    <ClCompile Include="src\Generador.cpp" />
    <ClCompile Include="src\GenerarArena.cpp" />
    <ClCompile Include="src\InterfazHUD.cpp" />
    <ClCompile Include="src\Main.cpp" />
    <ClCompile Include="src\Motor.cpp" />
    <ClCompile Include="src\PantallaInicio.cpp" />
    <ClCompile Include="src\Pieza.cpp" />
    <ClCompile Include="src\PiezaTeletransporte.cpp" />
    <ClCompile Include="src\PiezaTerrestre.cpp" />
    <ClCompile Include="src\PiezaVoladora.cpp" />
    <ClCompile Include="src\PowerPoint.cpp" />
    <ClCompile Include="src\Hitboxes.cpp" />
    <ClCompile Include="src\Tablero.cpp" />
  </ItemGroup>
  <ItemGroup>
    <ClInclude Include="src\Arena.h" />
    <ClInclude Include="src\BarrasArena.h" />
    <ClInclude Include="src\Casilla.h" />
    <ClInclude Include="src\ClaseArcher.h" />
    <ClInclude Include="src\ClaseDjinn.h" />
    <ClInclude Include="src\ClaseFenix.h" />
    <ClInclude Include="src\ClaseGolem.h" />
    <ClInclude Include="src\ClaseUnicornio.h" />
    <ClInclude Include="src\Color.h" />
    <ClInclude Include="src\EstadoJuego.h" />
    <ClInclude Include="src\Generador.h" />
    <ClInclude Include="src\GenerarArena.h" />
    <ClInclude Include="src\InterfazHUD.h" />
    <ClInclude Include="src\Motor.h" />
    <ClInclude Include="src\PantallaInicio.h" />
    <ClInclude Include="src\Pieza.h" />
    <ClInclude Include="src\PiezaTeletransporte.h" />
    <ClInclude Include="src\PiezaTerrestre.h" />
    <ClInclude Include="src\PiezaVoladora.h" />
    <ClInclude Include="src\PowerPoint.h" />
    <ClInclude Include="src\Hitboxes.h" />
    <ClInclude Include="src\Tablero.h" />
  </ItemGroup>
</Project>